{
  "name": "svelte-standalone-router",
  "version": "1.0.11",
  "lockfileVersion": 1,
  "requires": true,
  "dependencies": {
    "standalone-router": {
      "version": "1.0.5",
      "resolved": "https://registry.npmjs.org/standalone-router/-/standalone-router-1.0.5.tgz",
      "integrity": "sha512-akEX5sD31g4ILuaFQL7o5P7DXRFLHqSpxMjEeCJB33sURH627U4ZD8JB8BguA8BAPVFGfm78v58gGiF/geKyXw=="
    }
  }
}
