{
  "name": "svelte-standalone-router",
  "version": "1.0.5",
  "lockfileVersion": 1,
  "requires": true,
  "dependencies": {
    "standalone-router": {
      "version": "1.0.1",
      "resolved": "https://registry.npmjs.org/standalone-router/-/standalone-router-1.0.1.tgz",
      "integrity": "sha512-cNBZwBgrLo2Goi7107LCkF6OuZgNcuml4/tmpSUxOOBWPWcWh9V0XG7/DSuQftuUqvxOVQVXGh/HNcNlmfhrvQ=="
    }
  }
}
